
Microsoft Visual Studio Solution File, Format Version 12.00
# Visual Studio 15
VisualStudioVersion = 15.0.28307.271
MinimumVisualStudioVersion = 10.0.40219.1
Project("{FAE04EC0-301F-11D3-BF4B-00C04F79EFBC}") = "monitorAndMemo", "monitorAndMemo\monitorAndMemo.csproj", "{2D45B02C-31E0-47EA-88BD-A3DE0BB2155C}"
EndProject
Global
	GlobalSection(SolutionConfigurationPlatforms) = preSolution
		Debug|Any CPU = Debug|Any CPU
		Release|Any CPU = Release|Any CPU
	EndGlobalSection
	GlobalSection(ProjectConfigurationPlatforms) = postSolution
		{2D45B02C-31E0-47EA-88BD-A3DE0BB2155C}.Debug|Any CPU.ActiveCfg = Debug|Any CPU
		{2D45B02C-31E0-47EA-88BD-A3DE0BB2155C}.Debug|Any CPU.Build.0 = Debug|Any CPU
		{2D45B02C-31E0-47EA-88BD-A3DE0BB2155C}.Release|Any CPU.ActiveCfg = Release|Any CPU
		{2D45B02C-31E0-47EA-88BD-A3DE0BB2155C}.Release|Any CPU.Build.0 = Release|Any CPU
	EndGlobalSection
	GlobalSection(SolutionProperties) = preSolution
		HideSolutionNode = FALSE
	EndGlobalSection
	GlobalSection(ExtensibilityGlobals) = postSolution
		SolutionGuid = {4BDA6D2B-CFE7-43DF-8EE4-E70B3FE2A3AF}
	EndGlobalSection
EndGlobal
